
Microsoft Visual Studio Solution File, Format Version 12.00
# Visual Studio Version 16
VisualStudioVersion = 16.0.31105.61
MinimumVisualStudioVersion = 10.0.40219.1
Project("{FAE04EC0-301F-11D3-BF4B-00C04F79EFBC}") = "靳雨晨-选课pro", "靳雨晨-选课\靳雨晨-选课pro.csproj", "{8858528F-43FE-4E1F-8A38-A96C226F7D77}"
EndProject
Global
	GlobalSection(SolutionConfigurationPlatforms) = preSolution
		Debug|Any CPU = Debug|Any CPU
		Release|Any CPU = Release|Any CPU
	EndGlobalSection
	GlobalSection(ProjectConfigurationPlatforms) = postSolution
		{8858528F-43FE-4E1F-8A38-A96C226F7D77}.Debug|Any CPU.ActiveCfg = Debug|Any CPU
		{8858528F-43FE-4E1F-8A38-A96C226F7D77}.Debug|Any CPU.Build.0 = Debug|Any CPU
		{8858528F-43FE-4E1F-8A38-A96C226F7D77}.Release|Any CPU.ActiveCfg = Release|Any CPU
		{8858528F-43FE-4E1F-8A38-A96C226F7D77}.Release|Any CPU.Build.0 = Release|Any CPU
	EndGlobalSection
	GlobalSection(SolutionProperties) = preSolution
		HideSolutionNode = FALSE
	EndGlobalSection
	GlobalSection(ExtensibilityGlobals) = postSolution
		SolutionGuid = {8FCF41CC-379D-43C0-96D7-E2D0C44DBC19}
	EndGlobalSection
EndGlobal
