
Microsoft Visual Studio Solution File, Format Version 12.00
# Visual Studio Version 16
VisualStudioVersion = 16.0.31105.61
MinimumVisualStudioVersion = 10.0.40219.1
Project("{FAE04EC0-301F-11D3-BF4B-00C04F79EFBC}") = "jyc-字符串分类统计", "jyc-字符串分类统计\jyc-字符串分类统计.csproj", "{FDC0E154-0D09-4400-8CC7-BF0C62CA273D}"
EndProject
Global
	GlobalSection(SolutionConfigurationPlatforms) = preSolution
		Debug|Any CPU = Debug|Any CPU
		Release|Any CPU = Release|Any CPU
	EndGlobalSection
	GlobalSection(ProjectConfigurationPlatforms) = postSolution
		{FDC0E154-0D09-4400-8CC7-BF0C62CA273D}.Debug|Any CPU.ActiveCfg = Debug|Any CPU
		{FDC0E154-0D09-4400-8CC7-BF0C62CA273D}.Debug|Any CPU.Build.0 = Debug|Any CPU
		{FDC0E154-0D09-4400-8CC7-BF0C62CA273D}.Release|Any CPU.ActiveCfg = Release|Any CPU
		{FDC0E154-0D09-4400-8CC7-BF0C62CA273D}.Release|Any CPU.Build.0 = Release|Any CPU
	EndGlobalSection
	GlobalSection(SolutionProperties) = preSolution
		HideSolutionNode = FALSE
	EndGlobalSection
	GlobalSection(ExtensibilityGlobals) = postSolution
		SolutionGuid = {DF67D676-22DB-4603-9B78-0FF64359F3F1}
	EndGlobalSection
EndGlobal
