
Microsoft Visual Studio Solution File, Format Version 12.00
# Visual Studio Version 16
VisualStudioVersion = 16.0.31105.61
MinimumVisualStudioVersion = 10.0.40219.1
Project("{FAE04EC0-301F-11D3-BF4B-00C04F79EFBC}") = "靳雨晨-考试数据库访问", "靳雨晨-考试数据库访问\靳雨晨-考试数据库访问.csproj", "{D76FF23C-26E5-4852-ACE0-D8030FEC8666}"
EndProject
Global
	GlobalSection(SolutionConfigurationPlatforms) = preSolution
		Debug|Any CPU = Debug|Any CPU
		Release|Any CPU = Release|Any CPU
	EndGlobalSection
	GlobalSection(ProjectConfigurationPlatforms) = postSolution
		{D76FF23C-26E5-4852-ACE0-D8030FEC8666}.Debug|Any CPU.ActiveCfg = Debug|Any CPU
		{D76FF23C-26E5-4852-ACE0-D8030FEC8666}.Debug|Any CPU.Build.0 = Debug|Any CPU
		{D76FF23C-26E5-4852-ACE0-D8030FEC8666}.Release|Any CPU.ActiveCfg = Release|Any CPU
		{D76FF23C-26E5-4852-ACE0-D8030FEC8666}.Release|Any CPU.Build.0 = Release|Any CPU
	EndGlobalSection
	GlobalSection(SolutionProperties) = preSolution
		HideSolutionNode = FALSE
	EndGlobalSection
	GlobalSection(ExtensibilityGlobals) = postSolution
		SolutionGuid = {DBB29DDD-5BFE-4B14-8F91-5E46473F6AB7}
	EndGlobalSection
EndGlobal
